// !$*UTF8*$!
{
	archiveVersion = 1;
	classes = {
	};
	objectVersion = 77;
	objects = {

/* Begin PBXContainerItemProxy section */
		DAA058B02DB53F080006DA4C /* PBXContainerItemProxy */ = {
			isa = PBXContainerItemProxy;
			containerPortal = DAA0589A2DB53F070006DA4C /* Project object */;
			proxyType = 1;
			remoteGlobalIDString = DAA058A12DB53F070006DA4C;
			remoteInfo = 5th_hw_TaejuJung;
		};
		DAA058BA2DB53F080006DA4C /* PBXContainerItemProxy */ = {
			isa = PBXContainerItemProxy;
			containerPortal = DAA0589A2DB53F070006DA4C /* Project object */;
			proxyType = 1;
			remoteGlobalIDString = DAA058A12DB53F070006DA4C;
			remoteInfo = 5th_hw_TaejuJung;
		};
/* End PBXContainerItemProxy section */

/* Begin PBXFileReference section */
		DAA058A22DB53F070006DA4C /* 5th_hw_TaejuJung.app */ = {isa = PBXFileReference; explicitFileType = wrapper.application; includeInIndex = 0; path = 5th_hw_TaejuJung.app; sourceTree = BUILT_PRODUCTS_DIR; };
		DAA058AF2DB53F080006DA4C /* 5th_hw_TaejuJungTests.xctest */ = {isa = PBXFileReference; explicitFileType = wrapper.cfbundle; includeInIndex = 0; path = 5th_hw_TaejuJungTests.xctest; sourceTree = BUILT_PRODUCTS_DIR; };
		DAA058B92DB53F080006DA4C /* 5th_hw_TaejuJungUITests.xctest */ = {isa = PBXFileReference; explicitFileType = wrapper.cfbundle; includeInIndex = 0; path = 5th_hw_TaejuJungUITests.xctest; sourceTree = BUILT_PRODUCTS_DIR; };
/* End PBXFileReference section */

/* Begin PBXFileSystemSynchronizedRootGroup section */
		DAA058A42DB53F070006DA4C /* 5th_hw_TaejuJung */ = {
			isa = PBXFileSystemSynchronizedRootGroup;
			path = 5th_hw_TaejuJung;
			sourceTree = "<group>";
		};
		DAA058B22DB53F080006DA4C /* 5th_hw_TaejuJungTests */ = {
			isa = PBXFileSystemSynchronizedRootGroup;
			path = 5th_hw_TaejuJungTests;
			sourceTree = "<group>";
		};
		DAA058BC2DB53F080006DA4C /* 5th_hw_TaejuJungUITests */ = {
			isa = PBXFileSystemSynchronizedRootGroup;
			path = 5th_hw_TaejuJungUITests;
			sourceTree = "<group>";
		};
/* End PBXFileSystemSynchronizedRootGroup section */

/* Begin PBXFrameworksBuildPhase section */
		DAA0589F2DB53F070006DA4C /* Frameworks */ = {
			isa = PBXFrameworksBuildPhase;
			buildActionMask = 2147483647;
			files = (
			);
			runOnlyForDeploymentPostprocessing = 0;
		};
		DAA058AC2DB53F080006DA4C /* Frameworks */ = {
			isa = PBXFrameworksBuildPhase;
			buildActionMask = 2147483647;
			files = (
			);
			runOnlyForDeploymentPostprocessing = 0;
		};
		DAA058B62DB53F080006DA4C /* Frameworks */ = {
			isa = PBXFrameworksBuildPhase;
			buildActionMask = 2147483647;
			files = (
			);
			runOnlyForDeploymentPostprocessing = 0;
		};
/* End PBXFrameworksBuildPhase section */

/* Begin PBXGroup section */
		DAA058992DB53F070006DA4C = {
			isa = PBXGroup;
			children = (
				DAA058A42DB53F070006DA4C /* 5th_hw_TaejuJung */,
				DAA058B22DB53F080006DA4C /* 5th_hw_TaejuJungTests */,
				DAA058BC2DB53F080006DA4C /* 5th_hw_TaejuJungUITests */,
				DAA058A32DB53F070006DA4C /* Products */,
			);
			sourceTree = "<group>";
		};
		DAA058A32DB53F070006DA4C /* Products */ = {
			isa = PBXGroup;
			children = (
				DAA058A22DB53F070006DA4C /* 5th_hw_TaejuJung.app */,
				DAA058AF2DB53F080006DA4C /* 5th_hw_TaejuJungTests.xctest */,
				DAA058B92DB53F080006DA4C /* 5th_hw_TaejuJungUITests.xctest */,
			);
			name = Products;
			sourceTree = "<group>";
		};
/* End PBXGroup section */

/* Begin PBXNativeTarget section */
		DAA058A12DB53F070006DA4C /* 5th_hw_TaejuJung */ = {
			isa = PBXNativeTarget;
			buildConfigurationList = DAA058C32DB53F080006DA4C /* Build configuration list for PBXNativeTarget "5th_hw_TaejuJung" */;
			buildPhases = (
				DAA0589E2DB53F070006DA4C /* Sources */,
				DAA0589F2DB53F070006DA4C /* Frameworks */,
				DAA058A02DB53F070006DA4C /* Resources */,
			);
			buildRules = (
			);
			dependencies = (
			);
			fileSystemSynchronizedGroups = (
				DAA058A42DB53F070006DA4C /* 5th_hw_TaejuJung */,
			);
			name = 5th_hw_TaejuJung;
			packageProductDependencies = (
			);
			productName = 5th_hw_TaejuJung;
			productReference = DAA058A22DB53F070006DA4C /* 5th_hw_TaejuJung.app */;
			productType = "com.apple.product-type.application";
		};
		DAA058AE2DB53F080006DA4C /* 5th_hw_TaejuJungTests */ = {
			isa = PBXNativeTarget;
			buildConfigurationList = DAA058C62DB53F080006DA4C /* Build configuration list for PBXNativeTarget "5th_hw_TaejuJungTests" */;
			buildPhases = (
				DAA058AB2DB53F080006DA4C /* Sources */,
				DAA058AC2DB53F080006DA4C /* Frameworks */,
				DAA058AD2DB53F080006DA4C /* Resources */,
			);
			buildRules = (
			);
			dependencies = (
				DAA058B12DB53F080006DA4C /* PBXTargetDependency */,
			);
			fileSystemSynchronizedGroups = (
				DAA058B22DB53F080006DA4C /* 5th_hw_TaejuJungTests */,
			);
			name = 5th_hw_TaejuJungTests;
			packageProductDependencies = (
			);
			productName = 5th_hw_TaejuJungTests;
			productReference = DAA058AF2DB53F080006DA4C /* 5th_hw_TaejuJungTests.xctest */;
			productType = "com.apple.product-type.bundle.unit-test";
		};
		DAA058B82DB53F080006DA4C /* 5th_hw_TaejuJungUITests */ = {
			isa = PBXNativeTarget;
			buildConfigurationList = DAA058C92DB53F080006DA4C /* Build configuration list for PBXNativeTarget "5th_hw_TaejuJungUITests" */;
			buildPhases = (
				DAA058B52DB53F080006DA4C /* Sources */,
				DAA058B62DB53F080006DA4C /* Frameworks */,
				DAA058B72DB53F080006DA4C /* Resources */,
			);
			buildRules = (
			);
			dependencies = (
				DAA058BB2DB53F080006DA4C /* PBXTargetDependency */,
			);
			fileSystemSynchronizedGroups = (
				DAA058BC2DB53F080006DA4C /* 5th_hw_TaejuJungUITests */,
			);
			name = 5th_hw_TaejuJungUITests;
			packageProductDependencies = (
			);
			productName = 5th_hw_TaejuJungUITests;
			productReference = DAA058B92DB53F080006DA4C /* 5th_hw_TaejuJungUITests.xctest */;
			productType = "com.apple.product-type.bundle.ui-testing";
		};
/* End PBXNativeTarget section */

/* Begin PBXProject section */
		DAA0589A2DB53F070006DA4C /* Project object */ = {
			isa = PBXProject;
			attributes = {
				BuildIndependentTargetsInParallel = 1;
				LastSwiftUpdateCheck = 1630;
				LastUpgradeCheck = 1630;
				TargetAttributes = {
					DAA058A12DB53F070006DA4C = {
						CreatedOnToolsVersion = 16.3;
					};
					DAA058AE2DB53F080006DA4C = {
						CreatedOnToolsVersion = 16.3;
						TestTargetID = DAA058A12DB53F070006DA4C;
					};
					DAA058B82DB53F080006DA4C = {
						CreatedOnToolsVersion = 16.3;
						TestTargetID = DAA058A12DB53F070006DA4C;
					};
				};
			};
			buildConfigurationList = DAA0589D2DB53F070006DA4C /* Build configuration list for PBXProject "5th_hw_TaejuJung" */;
			developmentRegion = en;
			hasScannedForEncodings = 0;
			knownRegions = (
				en,
				Base,
			);
			mainGroup = DAA058992DB53F070006DA4C;
			minimizedProjectReferenceProxies = 1;
			preferredProjectObjectVersion = 77;
			productRefGroup = DAA058A32DB53F070006DA4C /* Products */;
			projectDirPath = "";
			projectRoot = "";
			targets = (
				DAA058A12DB53F070006DA4C /* 5th_hw_TaejuJung */,
				DAA058AE2DB53F080006DA4C /* 5th_hw_TaejuJungTests */,
				DAA058B82DB53F080006DA4C /* 5th_hw_TaejuJungUITests */,
			);
		};
/* End PBXProject section */

/* Begin PBXResourcesBuildPhase section */
		DAA058A02DB53F070006DA4C /* Resources */ = {
			isa = PBXResourcesBuildPhase;
			buildActionMask = 2147483647;
			files = (
			);
			runOnlyForDeploymentPostprocessing = 0;
		};
		DAA058AD2DB53F080006DA4C /* Resources */ = {
			isa = PBXResourcesBuildPhase;
			buildActionMask = 2147483647;
			files = (
			);
			runOnlyForDeploymentPostprocessing = 0;
		};
		DAA058B72DB53F080006DA4C /* Resources */ = {
			isa = PBXResourcesBuildPhase;
			buildActionMask = 2147483647;
			files = (
			);
			runOnlyForDeploymentPostprocessing = 0;
		};
/* End PBXResourcesBuildPhase section */

/* Begin PBXSourcesBuildPhase section */
		DAA0589E2DB53F070006DA4C /* Sources */ = {
			isa = PBXSourcesBuildPhase;
			buildActionMask = 2147483647;
			files = (
			);
			runOnlyForDeploymentPostprocessing = 0;
		};
		DAA058AB2DB53F080006DA4C /* Sources */ = {
			isa = PBXSourcesBuildPhase;
			buildActionMask = 2147483647;
			files = (
			);
			runOnlyForDeploymentPostprocessing = 0;
		};
		DAA058B52DB53F080006DA4C /* Sources */ = {
			isa = PBXSourcesBuildPhase;
			buildActionMask = 2147483647;
			files = (
			);
			runOnlyForDeploymentPostprocessing = 0;
		};
/* End PBXSourcesBuildPhase section */

/* Begin PBXTargetDependency section */
		DAA058B12DB53F080006DA4C /* PBXTargetDependency */ = {
			isa = PBXTargetDependency;
			target = DAA058A12DB53F070006DA4C /* 5th_hw_TaejuJung */;
			targetProxy = DAA058B02DB53F080006DA4C /* PBXContainerItemProxy */;
		};
		DAA058BB2DB53F080006DA4C /* PBXTargetDependency */ = {
			isa = PBXTargetDependency;
			target = DAA058A12DB53F070006DA4C /* 5th_hw_TaejuJung */;
			targetProxy = DAA058BA2DB53F080006DA4C /* PBXContainerItemProxy */;
		};
/* End PBXTargetDependency section */

/* Begin XCBuildConfiguration section */
		DAA058C12DB53F080006DA4C /* Debug */ = {
			isa = XCBuildConfiguration;
			buildSettings = {
				ALWAYS_SEARCH_USER_PATHS = NO;
				ASSETCATALOG_COMPILER_GENERATE_SWIFT_ASSET_SYMBOL_EXTENSIONS = YES;
				CLANG_ANALYZER_NONNULL = YES;
				CLANG_ANALYZER_NUMBER_OBJECT_CONVERSION = YES_AGGRESSIVE;
				CLANG_CXX_LANGUAGE_STANDARD = "gnu++20";
				CLANG_ENABLE_MODULES = YES;
				CLANG_ENABLE_OBJC_ARC = YES;
				CLANG_ENABLE_OBJC_WEAK = YES;
				CLANG_WARN_BLOCK_CAPTURE_AUTORELEASING = YES;
				CLANG_WARN_BOOL_CONVERSION = YES;
				CLANG_WARN_COMMA = YES;
				CLANG_WARN_CONSTANT_CONVERSION = YES;
				CLANG_WARN_DEPRECATED_OBJC_IMPLEMENTATIONS = YES;
				CLANG_WARN_DIRECT_OBJC_ISA_USAGE = YES_ERROR;
				CLANG_WARN_DOCUMENTATION_COMMENTS = YES;
				CLANG_WARN_EMPTY_BODY = YES;
				CLANG_WARN_ENUM_CONVERSION = YES;
				CLANG_WARN_INFINITE_RECURSION = YES;
				CLANG_WARN_INT_CONVERSION = YES;
				CLANG_WARN_NON_LITERAL_NULL_CONVERSION = YES;
				CLANG_WARN_OBJC_IMPLICIT_RETAIN_SELF = YES;
				CLANG_WARN_OBJC_LITERAL_CONVERSION = YES;
				CLANG_WARN_OBJC_ROOT_CLASS = YES_ERROR;
				CLANG_WARN_QUOTED_INCLUDE_IN_FRAMEWORK_HEADER = YES;
				CLANG_WARN_RANGE_LOOP_ANALYSIS = YES;
				CLANG_WARN_STRICT_PROTOTYPES = YES;
				CLANG_WARN_SUSPICIOUS_MOVE = YES;
				CLANG_WARN_UNGUARDED_AVAILABILITY = YES_AGGRESSIVE;
				CLANG_WARN_UNREACHABLE_CODE = YES;
				CLANG_WARN__DUPLICATE_METHOD_MATCH = YES;
				COPY_PHASE_STRIP = NO;
				DEBUG_INFORMATION_FORMAT = dwarf;
				ENABLE_STRICT_OBJC_MSGSEND = YES;
				ENABLE_TESTABILITY = YES;
				ENABLE_USER_SCRIPT_SANDBOXING = YES;
				GCC_C_LANGUAGE_STANDARD = gnu17;
				GCC_DYNAMIC_NO_PIC = NO;
				GCC_NO_COMMON_BLOCKS = YES;
				GCC_OPTIMIZATION_LEVEL = 0;
				GCC_PREPROCESSOR_DEFINITIONS = (
					"DEBUG=1",
					"$(inherited)",
				);
				GCC_WARN_64_TO_32_BIT_CONVERSION = YES;
				GCC_WARN_ABOUT_RETURN_TYPE = YES_ERROR;
				GCC_WARN_UNDECLARED_SELECTOR = YES;
				GCC_WARN_UNINITIALIZED_AUTOS = YES_AGGRESSIVE;
				GCC_WARN_UNUSED_FUNCTION = YES;
				GCC_WARN_UNUSED_VARIABLE = YES;
				IPHONEOS_DEPLOYMENT_TARGET = 18.4;
				LOCALIZATION_PREFERS_STRING_CATALOGS = YES;
				MTL_ENABLE_DEBUG_INFO = INCLUDE_SOURCE;
				MTL_FAST_MATH = YES;
				ONLY_ACTIVE_ARCH = YES;
				SDKROOT = iphoneos;
				SWIFT_ACTIVE_COMPILATION_CONDITIONS = "DEBUG $(inherited)";
				SWIFT_OPTIMIZATION_LEVEL = "-Onone";
			};
			name = Debug;
		};
		DAA058C22DB53F080006DA4C /* Release */ = {
			isa = XCBuildConfiguration;
			buildSettings = {
				ALWAYS_SEARCH_USER_PATHS = NO;
				ASSETCATALOG_COMPILER_GENERATE_SWIFT_ASSET_SYMBOL_EXTENSIONS = YES;
				CLANG_ANALYZER_NONNULL = YES;
				CLANG_ANALYZER_NUMBER_OBJECT_CONVERSION = YES_AGGRESSIVE;
				CLANG_CXX_LANGUAGE_STANDARD = "gnu++20";
				CLANG_ENABLE_MODULES = YES;
				CLANG_ENABLE_OBJC_ARC = YES;
				CLANG_ENABLE_OBJC_WEAK = YES;
				CLANG_WARN_BLOCK_CAPTURE_AUTORELEASING = YES;
				CLANG_WARN_BOOL_CONVERSION = YES;
				CLANG_WARN_COMMA = YES;
				CLANG_WARN_CONSTANT_CONVERSION = YES;
				CLANG_WARN_DEPRECATED_OBJC_IMPLEMENTATIONS = YES;
				CLANG_WARN_DIRECT_OBJC_ISA_USAGE = YES_ERROR;
				CLANG_WARN_DOCUMENTATION_COMMENTS = YES;
				CLANG_WARN_EMPTY_BODY = YES;
				CLANG_WARN_ENUM_CONVERSION = YES;
				CLANG_WARN_INFINITE_RECURSION = YES;
				CLANG_WARN_INT_CONVERSION = YES;
				CLANG_WARN_NON_LITERAL_NULL_CONVERSION = YES;
				CLANG_WARN_OBJC_IMPLICIT_RETAIN_SELF = YES;
				CLANG_WARN_OBJC_LITERAL_CONVERSION = YES;
				CLANG_WARN_OBJC_ROOT_CLASS = YES_ERROR;
				CLANG_WARN_QUOTED_INCLUDE_IN_FRAMEWORK_HEADER = YES;
				CLANG_WARN_RANGE_LOOP_ANALYSIS = YES;
				CLANG_WARN_STRICT_PROTOTYPES = YES;
				CLANG_WARN_SUSPICIOUS_MOVE = YES;
				CLANG_WARN_UNGUARDED_AVAILABILITY = YES_AGGRESSIVE;
				CLANG_WARN_UNREACHABLE_CODE = YES;
				CLANG_WARN__DUPLICATE_METHOD_MATCH = YES;
				COPY_PHASE_STRIP = NO;
				DEBUG_INFORMATION_FORMAT = "dwarf-with-dsym";
				ENABLE_NS_ASSERTIONS = NO;
				ENABLE_STRICT_OBJC_MSGSEND = YES;
				ENABLE_USER_SCRIPT_SANDBOXING = YES;
				GCC_C_LANGUAGE_STANDARD = gnu17;
				GCC_NO_COMMON_BLOCKS = YES;
				GCC_WARN_64_TO_32_BIT_CONVERSION = YES;
				GCC_WARN_ABOUT_RETURN_TYPE = YES_ERROR;
				GCC_WARN_UNDECLARED_SELECTOR = YES;
				GCC_WARN_UNINITIALIZED_AUTOS = YES_AGGRESSIVE;
				GCC_WARN_UNUSED_FUNCTION = YES;
				GCC_WARN_UNUSED_VARIABLE = YES;
				IPHONEOS_DEPLOYMENT_TARGET = 18.4;
				LOCALIZATION_PREFERS_STRING_CATALOGS = YES;
				MTL_ENABLE_DEBUG_INFO = NO;
				MTL_FAST_MATH = YES;
				SDKROOT = iphoneos;
				SWIFT_COMPILATION_MODE = wholemodule;
				VALIDATE_PRODUCT = YES;
			};
			name = Release;
		};
		DAA058C42DB53F080006DA4C /* Debug */ = {
			isa = XCBuildConfiguration;
			buildSettings = {
				ASSETCATALOG_COMPILER_APPICON_NAME = AppIcon;
				ASSETCATALOG_COMPILER_GLOBAL_ACCENT_COLOR_NAME = AccentColor;
				CODE_SIGN_STYLE = Automatic;
				CURRENT_PROJECT_VERSION = 1;
				ENABLE_PREVIEWS = YES;
				GENERATE_INFOPLIST_FILE = YES;
				INFOPLIST_KEY_UIApplicationSceneManifest_Generation = YES;
				INFOPLIST_KEY_UIApplicationSupportsIndirectInputEvents = YES;
				INFOPLIST_KEY_UILaunchScreen_Generation = YES;
				INFOPLIST_KEY_UISupportedInterfaceOrientations_iPad = "UIInterfaceOrientationPortrait UIInterfaceOrientationPortraitUpsideDown UIInterfaceOrientationLandscapeLeft UIInterfaceOrientationLandscapeRight";
				INFOPLIST_KEY_UISupportedInterfaceOrientations_iPhone = "UIInterfaceOrientationPortrait UIInterfaceOrientationLandscapeLeft UIInterfaceOrientationLandscapeRight";
				LD_RUNPATH_SEARCH_PATHS = (
					"$(inherited)",
					"@executable_path/Frameworks",
				);
				MARKETING_VERSION = 1.0;
				PRODUCT_BUNDLE_IDENTIFIER = "Pard.-th-hw-TaejuJung";
				PRODUCT_NAME = "$(TARGET_NAME)";
				SWIFT_EMIT_LOC_STRINGS = YES;
				SWIFT_VERSION = 5.0;
				TARGETED_DEVICE_FAMILY = "1,2";
			};
			name = Debug;
		};
		DAA058C52DB53F080006DA4C /* Release */ = {
			isa = XCBuildConfiguration;
			buildSettings = {
				ASSETCATALOG_COMPILER_APPICON_NAME = AppIcon;
				ASSETCATALOG_COMPILER_GLOBAL_ACCENT_COLOR_NAME = AccentColor;
				CODE_SIGN_STYLE = Automatic;
				CURRENT_PROJECT_VERSION = 1;
				ENABLE_PREVIEWS = YES;
				GENERATE_INFOPLIST_FILE = YES;
				INFOPLIST_KEY_UIApplicationSceneManifest_Generation = YES;
				INFOPLIST_KEY_UIApplicationSupportsIndirectInputEvents = YES;
				INFOPLIST_KEY_UILaunchScreen_Generation = YES;
				INFOPLIST_KEY_UISupportedInterfaceOrientations_iPad = "UIInterfaceOrientationPortrait UIInterfaceOrientationPortraitUpsideDown UIInterfaceOrientationLandscapeLeft UIInterfaceOrientationLandscapeRight";
				INFOPLIST_KEY_UISupportedInterfaceOrientations_iPhone = "UIInterfaceOrientationPortrait UIInterfaceOrientationLandscapeLeft UIInterfaceOrientationLandscapeRight";
				LD_RUNPATH_SEARCH_PATHS = (
					"$(inherited)",
					"@executable_path/Frameworks",
				);
				MARKETING_VERSION = 1.0;
				PRODUCT_BUNDLE_IDENTIFIER = "Pard.-th-hw-TaejuJung";
				PRODUCT_NAME = "$(TARGET_NAME)";
				SWIFT_EMIT_LOC_STRINGS = YES;
				SWIFT_VERSION = 5.0;
				TARGETED_DEVICE_FAMILY = "1,2";
			};
			name = Release;
		};
		DAA058C72DB53F080006DA4C /* Debug */ = {
			isa = XCBuildConfiguration;
			buildSettings = {
				BUNDLE_LOADER = "$(TEST_HOST)";
				CODE_SIGN_STYLE = Automatic;
				CURRENT_PROJECT_VERSION = 1;
				GENERATE_INFOPLIST_FILE = YES;
				IPHONEOS_DEPLOYMENT_TARGET = 18.4;
				MARKETING_VERSION = 1.0;
				PRODUCT_BUNDLE_IDENTIFIER = "Pard.-th-hw-TaejuJungTests";
				PRODUCT_NAME = "$(TARGET_NAME)";
				SWIFT_EMIT_LOC_STRINGS = NO;
				SWIFT_VERSION = 5.0;
				TARGETED_DEVICE_FAMILY = "1,2";
				TEST_HOST = "$(BUILT_PRODUCTS_DIR)/5th_hw_TaejuJung.app/$(BUNDLE_EXECUTABLE_FOLDER_PATH)/5th_hw_TaejuJung";
			};
			name = Debug;
		};
		DAA058C82DB53F080006DA4C /* Release */ = {
			isa = XCBuildConfiguration;
			buildSettings = {
				BUNDLE_LOADER = "$(TEST_HOST)";
				CODE_SIGN_STYLE = Automatic;
				CURRENT_PROJECT_VERSION = 1;
				GENERATE_INFOPLIST_FILE = YES;
				IPHONEOS_DEPLOYMENT_TARGET = 18.4;
				MARKETING_VERSION = 1.0;
				PRODUCT_BUNDLE_IDENTIFIER = "Pard.-th-hw-TaejuJungTests";
				PRODUCT_NAME = "$(TARGET_NAME)";
				SWIFT_EMIT_LOC_STRINGS = NO;
				SWIFT_VERSION = 5.0;
				TARGETED_DEVICE_FAMILY = "1,2";
				TEST_HOST = "$(BUILT_PRODUCTS_DIR)/5th_hw_TaejuJung.app/$(BUNDLE_EXECUTABLE_FOLDER_PATH)/5th_hw_TaejuJung";
			};
			name = Release;
		};
		DAA058CA2DB53F080006DA4C /* Debug */ = {
			isa = XCBuildConfiguration;
			buildSettings = {
				CODE_SIGN_STYLE = Automatic;
				CURRENT_PROJECT_VERSION = 1;
				GENERATE_INFOPLIST_FILE = YES;
				MARKETING_VERSION = 1.0;
				PRODUCT_BUNDLE_IDENTIFIER = "Pard.-th-hw-TaejuJungUITests";
				PRODUCT_NAME = "$(TARGET_NAME)";
				SWIFT_EMIT_LOC_STRINGS = NO;
				SWIFT_VERSION = 5.0;
				TARGETED_DEVICE_FAMILY = "1,2";
				TEST_TARGET_NAME = 5th_hw_TaejuJung;
			};
			name = Debug;
		};
		DAA058CB2DB53F080006DA4C /* Release */ = {
			isa = XCBuildConfiguration;
			buildSettings = {
				CODE_SIGN_STYLE = Automatic;
				CURRENT_PROJECT_VERSION = 1;
				GENERATE_INFOPLIST_FILE = YES;
				MARKETING_VERSION = 1.0;
				PRODUCT_BUNDLE_IDENTIFIER = "Pard.-th-hw-TaejuJungUITests";
				PRODUCT_NAME = "$(TARGET_NAME)";
				SWIFT_EMIT_LOC_STRINGS = NO;
				SWIFT_VERSION = 5.0;
				TARGETED_DEVICE_FAMILY = "1,2";
				TEST_TARGET_NAME = 5th_hw_TaejuJung;
			};
			name = Release;
		};
/* End XCBuildConfiguration section */

/* Begin XCConfigurationList section */
		DAA0589D2DB53F070006DA4C /* Build configuration list for PBXProject "5th_hw_TaejuJung" */ = {
			isa = XCConfigurationList;
			buildConfigurations = (
				DAA058C12DB53F080006DA4C /* Debug */,
				DAA058C22DB53F080006DA4C /* Release */,
			);
			defaultConfigurationIsVisible = 0;
			defaultConfigurationName = Release;
		};
		DAA058C32DB53F080006DA4C /* Build configuration list for PBXNativeTarget "5th_hw_TaejuJung" */ = {
			isa = XCConfigurationList;
			buildConfigurations = (
				DAA058C42DB53F080006DA4C /* Debug */,
				DAA058C52DB53F080006DA4C /* Release */,
			);
			defaultConfigurationIsVisible = 0;
			defaultConfigurationName = Release;
		};
		DAA058C62DB53F080006DA4C /* Build configuration list for PBXNativeTarget "5th_hw_TaejuJungTests" */ = {
			isa = XCConfigurationList;
			buildConfigurations = (
				DAA058C72DB53F080006DA4C /* Debug */,
				DAA058C82DB53F080006DA4C /* Release */,
			);
			defaultConfigurationIsVisible = 0;
			defaultConfigurationName = Release;
		};
		DAA058C92DB53F080006DA4C /* Build configuration list for PBXNativeTarget "5th_hw_TaejuJungUITests" */ = {
			isa = XCConfigurationList;
			buildConfigurations = (
				DAA058CA2DB53F080006DA4C /* Debug */,
				DAA058CB2DB53F080006DA4C /* Release */,
			);
			defaultConfigurationIsVisible = 0;
			defaultConfigurationName = Release;
		};
/* End XCConfigurationList section */
	};
	rootObject = DAA0589A2DB53F070006DA4C /* Project object */;
}
