// !$*UTF8*$!
{
	archiveVersion = 1;
	classes = {
	};
	objectVersion = 77;
	objects = {

/* Begin PBXContainerItemProxy section */
		DA79523E2D9EBE2E0076791F /* PBXContainerItemProxy */ = {
			isa = PBXContainerItemProxy;
			containerPortal = DA7952252D9EBE2D0076791F /* Project object */;
			proxyType = 1;
			remoteGlobalIDString = DA79522C2D9EBE2D0076791F;
			remoteInfo = "3rd_HW3_TaeJuJung(Ver.List)";
		};
		DA7952482D9EBE2E0076791F /* PBXContainerItemProxy */ = {
			isa = PBXContainerItemProxy;
			containerPortal = DA7952252D9EBE2D0076791F /* Project object */;
			proxyType = 1;
			remoteGlobalIDString = DA79522C2D9EBE2D0076791F;
			remoteInfo = "3rd_HW3_TaeJuJung(Ver.List)";
		};
/* End PBXContainerItemProxy section */

/* Begin PBXFileReference section */
		DA79522D2D9EBE2D0076791F /* 3rd_HW3_TaeJuJung(Ver.List).app */ = {isa = PBXFileReference; explicitFileType = wrapper.application; includeInIndex = 0; path = "3rd_HW3_TaeJuJung(Ver.List).app"; sourceTree = BUILT_PRODUCTS_DIR; };
		DA79523D2D9EBE2E0076791F /* 3rd_HW3_TaeJuJung(Ver.List)Tests.xctest */ = {isa = PBXFileReference; explicitFileType = wrapper.cfbundle; includeInIndex = 0; path = "3rd_HW3_TaeJuJung(Ver.List)Tests.xctest"; sourceTree = BUILT_PRODUCTS_DIR; };
		DA7952472D9EBE2E0076791F /* 3rd_HW3_TaeJuJung(Ver.List)UITests.xctest */ = {isa = PBXFileReference; explicitFileType = wrapper.cfbundle; includeInIndex = 0; path = "3rd_HW3_TaeJuJung(Ver.List)UITests.xctest"; sourceTree = BUILT_PRODUCTS_DIR; };
/* End PBXFileReference section */

/* Begin PBXFileSystemSynchronizedRootGroup section */
		DA79522F2D9EBE2D0076791F /* 3rd_HW3_TaeJuJung(Ver.List) */ = {
			isa = PBXFileSystemSynchronizedRootGroup;
			path = "3rd_HW3_TaeJuJung(Ver.List)";
			sourceTree = "<group>";
		};
		DA7952402D9EBE2E0076791F /* 3rd_HW3_TaeJuJung(Ver.List)Tests */ = {
			isa = PBXFileSystemSynchronizedRootGroup;
			path = "3rd_HW3_TaeJuJung(Ver.List)Tests";
			sourceTree = "<group>";
		};
		DA79524A2D9EBE2E0076791F /* 3rd_HW3_TaeJuJung(Ver.List)UITests */ = {
			isa = PBXFileSystemSynchronizedRootGroup;
			path = "3rd_HW3_TaeJuJung(Ver.List)UITests";
			sourceTree = "<group>";
		};
/* End PBXFileSystemSynchronizedRootGroup section */

/* Begin PBXFrameworksBuildPhase section */
		DA79522A2D9EBE2D0076791F /* Frameworks */ = {
			isa = PBXFrameworksBuildPhase;
			buildActionMask = 2147483647;
			files = (
			);
			runOnlyForDeploymentPostprocessing = 0;
		};
		DA79523A2D9EBE2E0076791F /* Frameworks */ = {
			isa = PBXFrameworksBuildPhase;
			buildActionMask = 2147483647;
			files = (
			);
			runOnlyForDeploymentPostprocessing = 0;
		};
		DA7952442D9EBE2E0076791F /* Frameworks */ = {
			isa = PBXFrameworksBuildPhase;
			buildActionMask = 2147483647;
			files = (
			);
			runOnlyForDeploymentPostprocessing = 0;
		};
/* End PBXFrameworksBuildPhase section */

/* Begin PBXGroup section */
		DA7952242D9EBE2D0076791F = {
			isa = PBXGroup;
			children = (
				DA79522F2D9EBE2D0076791F /* 3rd_HW3_TaeJuJung(Ver.List) */,
				DA7952402D9EBE2E0076791F /* 3rd_HW3_TaeJuJung(Ver.List)Tests */,
				DA79524A2D9EBE2E0076791F /* 3rd_HW3_TaeJuJung(Ver.List)UITests */,
				DA79522E2D9EBE2D0076791F /* Products */,
			);
			sourceTree = "<group>";
		};
		DA79522E2D9EBE2D0076791F /* Products */ = {
			isa = PBXGroup;
			children = (
				DA79522D2D9EBE2D0076791F /* 3rd_HW3_TaeJuJung(Ver.List).app */,
				DA79523D2D9EBE2E0076791F /* 3rd_HW3_TaeJuJung(Ver.List)Tests.xctest */,
				DA7952472D9EBE2E0076791F /* 3rd_HW3_TaeJuJung(Ver.List)UITests.xctest */,
			);
			name = Products;
			sourceTree = "<group>";
		};
/* End PBXGroup section */

/* Begin PBXNativeTarget section */
		DA79522C2D9EBE2D0076791F /* 3rd_HW3_TaeJuJung(Ver.List) */ = {
			isa = PBXNativeTarget;
			buildConfigurationList = DA7952512D9EBE2E0076791F /* Build configuration list for PBXNativeTarget "3rd_HW3_TaeJuJung(Ver.List)" */;
			buildPhases = (
				DA7952292D9EBE2D0076791F /* Sources */,
				DA79522A2D9EBE2D0076791F /* Frameworks */,
				DA79522B2D9EBE2D0076791F /* Resources */,
			);
			buildRules = (
			);
			dependencies = (
			);
			fileSystemSynchronizedGroups = (
				DA79522F2D9EBE2D0076791F /* 3rd_HW3_TaeJuJung(Ver.List) */,
			);
			name = "3rd_HW3_TaeJuJung(Ver.List)";
			packageProductDependencies = (
			);
			productName = "3rd_HW3_TaeJuJung(Ver.List)";
			productReference = DA79522D2D9EBE2D0076791F /* 3rd_HW3_TaeJuJung(Ver.List).app */;
			productType = "com.apple.product-type.application";
		};
		DA79523C2D9EBE2E0076791F /* 3rd_HW3_TaeJuJung(Ver.List)Tests */ = {
			isa = PBXNativeTarget;
			buildConfigurationList = DA7952542D9EBE2E0076791F /* Build configuration list for PBXNativeTarget "3rd_HW3_TaeJuJung(Ver.List)Tests" */;
			buildPhases = (
				DA7952392D9EBE2E0076791F /* Sources */,
				DA79523A2D9EBE2E0076791F /* Frameworks */,
				DA79523B2D9EBE2E0076791F /* Resources */,
			);
			buildRules = (
			);
			dependencies = (
				DA79523F2D9EBE2E0076791F /* PBXTargetDependency */,
			);
			fileSystemSynchronizedGroups = (
				DA7952402D9EBE2E0076791F /* 3rd_HW3_TaeJuJung(Ver.List)Tests */,
			);
			name = "3rd_HW3_TaeJuJung(Ver.List)Tests";
			packageProductDependencies = (
			);
			productName = "3rd_HW3_TaeJuJung(Ver.List)Tests";
			productReference = DA79523D2D9EBE2E0076791F /* 3rd_HW3_TaeJuJung(Ver.List)Tests.xctest */;
			productType = "com.apple.product-type.bundle.unit-test";
		};
		DA7952462D9EBE2E0076791F /* 3rd_HW3_TaeJuJung(Ver.List)UITests */ = {
			isa = PBXNativeTarget;
			buildConfigurationList = DA7952572D9EBE2E0076791F /* Build configuration list for PBXNativeTarget "3rd_HW3_TaeJuJung(Ver.List)UITests" */;
			buildPhases = (
				DA7952432D9EBE2E0076791F /* Sources */,
				DA7952442D9EBE2E0076791F /* Frameworks */,
				DA7952452D9EBE2E0076791F /* Resources */,
			);
			buildRules = (
			);
			dependencies = (
				DA7952492D9EBE2E0076791F /* PBXTargetDependency */,
			);
			fileSystemSynchronizedGroups = (
				DA79524A2D9EBE2E0076791F /* 3rd_HW3_TaeJuJung(Ver.List)UITests */,
			);
			name = "3rd_HW3_TaeJuJung(Ver.List)UITests";
			packageProductDependencies = (
			);
			productName = "3rd_HW3_TaeJuJung(Ver.List)UITests";
			productReference = DA7952472D9EBE2E0076791F /* 3rd_HW3_TaeJuJung(Ver.List)UITests.xctest */;
			productType = "com.apple.product-type.bundle.ui-testing";
		};
/* End PBXNativeTarget section */

/* Begin PBXProject section */
		DA7952252D9EBE2D0076791F /* Project object */ = {
			isa = PBXProject;
			attributes = {
				BuildIndependentTargetsInParallel = 1;
				LastSwiftUpdateCheck = 1620;
				LastUpgradeCheck = 1620;
				TargetAttributes = {
					DA79522C2D9EBE2D0076791F = {
						CreatedOnToolsVersion = 16.2;
					};
					DA79523C2D9EBE2E0076791F = {
						CreatedOnToolsVersion = 16.2;
						TestTargetID = DA79522C2D9EBE2D0076791F;
					};
					DA7952462D9EBE2E0076791F = {
						CreatedOnToolsVersion = 16.2;
						TestTargetID = DA79522C2D9EBE2D0076791F;
					};
				};
			};
			buildConfigurationList = DA7952282D9EBE2D0076791F /* Build configuration list for PBXProject "3rd_HW3_TaeJuJung(Ver.List)" */;
			developmentRegion = en;
			hasScannedForEncodings = 0;
			knownRegions = (
				en,
				Base,
			);
			mainGroup = DA7952242D9EBE2D0076791F;
			minimizedProjectReferenceProxies = 1;
			preferredProjectObjectVersion = 77;
			productRefGroup = DA79522E2D9EBE2D0076791F /* Products */;
			projectDirPath = "";
			projectRoot = "";
			targets = (
				DA79522C2D9EBE2D0076791F /* 3rd_HW3_TaeJuJung(Ver.List) */,
				DA79523C2D9EBE2E0076791F /* 3rd_HW3_TaeJuJung(Ver.List)Tests */,
				DA7952462D9EBE2E0076791F /* 3rd_HW3_TaeJuJung(Ver.List)UITests */,
			);
		};
/* End PBXProject section */

/* Begin PBXResourcesBuildPhase section */
		DA79522B2D9EBE2D0076791F /* Resources */ = {
			isa = PBXResourcesBuildPhase;
			buildActionMask = 2147483647;
			files = (
			);
			runOnlyForDeploymentPostprocessing = 0;
		};
		DA79523B2D9EBE2E0076791F /* Resources */ = {
			isa = PBXResourcesBuildPhase;
			buildActionMask = 2147483647;
			files = (
			);
			runOnlyForDeploymentPostprocessing = 0;
		};
		DA7952452D9EBE2E0076791F /* Resources */ = {
			isa = PBXResourcesBuildPhase;
			buildActionMask = 2147483647;
			files = (
			);
			runOnlyForDeploymentPostprocessing = 0;
		};
/* End PBXResourcesBuildPhase section */

/* Begin PBXSourcesBuildPhase section */
		DA7952292D9EBE2D0076791F /* Sources */ = {
			isa = PBXSourcesBuildPhase;
			buildActionMask = 2147483647;
			files = (
			);
			runOnlyForDeploymentPostprocessing = 0;
		};
		DA7952392D9EBE2E0076791F /* Sources */ = {
			isa = PBXSourcesBuildPhase;
			buildActionMask = 2147483647;
			files = (
			);
			runOnlyForDeploymentPostprocessing = 0;
		};
		DA7952432D9EBE2E0076791F /* Sources */ = {
			isa = PBXSourcesBuildPhase;
			buildActionMask = 2147483647;
			files = (
			);
			runOnlyForDeploymentPostprocessing = 0;
		};
/* End PBXSourcesBuildPhase section */

/* Begin PBXTargetDependency section */
		DA79523F2D9EBE2E0076791F /* PBXTargetDependency */ = {
			isa = PBXTargetDependency;
			target = DA79522C2D9EBE2D0076791F /* 3rd_HW3_TaeJuJung(Ver.List) */;
			targetProxy = DA79523E2D9EBE2E0076791F /* PBXContainerItemProxy */;
		};
		DA7952492D9EBE2E0076791F /* PBXTargetDependency */ = {
			isa = PBXTargetDependency;
			target = DA79522C2D9EBE2D0076791F /* 3rd_HW3_TaeJuJung(Ver.List) */;
			targetProxy = DA7952482D9EBE2E0076791F /* PBXContainerItemProxy */;
		};
/* End PBXTargetDependency section */

/* Begin XCBuildConfiguration section */
		DA79524F2D9EBE2E0076791F /* Debug */ = {
			isa = XCBuildConfiguration;
			buildSettings = {
				ALWAYS_SEARCH_USER_PATHS = NO;
				ASSETCATALOG_COMPILER_GENERATE_SWIFT_ASSET_SYMBOL_EXTENSIONS = YES;
				CLANG_ANALYZER_NONNULL = YES;
				CLANG_ANALYZER_NUMBER_OBJECT_CONVERSION = YES_AGGRESSIVE;
				CLANG_CXX_LANGUAGE_STANDARD = "gnu++20";
				CLANG_ENABLE_MODULES = YES;
				CLANG_ENABLE_OBJC_ARC = YES;
				CLANG_ENABLE_OBJC_WEAK = YES;
				CLANG_WARN_BLOCK_CAPTURE_AUTORELEASING = YES;
				CLANG_WARN_BOOL_CONVERSION = YES;
				CLANG_WARN_COMMA = YES;
				CLANG_WARN_CONSTANT_CONVERSION = YES;
				CLANG_WARN_DEPRECATED_OBJC_IMPLEMENTATIONS = YES;
				CLANG_WARN_DIRECT_OBJC_ISA_USAGE = YES_ERROR;
				CLANG_WARN_DOCUMENTATION_COMMENTS = YES;
				CLANG_WARN_EMPTY_BODY = YES;
				CLANG_WARN_ENUM_CONVERSION = YES;
				CLANG_WARN_INFINITE_RECURSION = YES;
				CLANG_WARN_INT_CONVERSION = YES;
				CLANG_WARN_NON_LITERAL_NULL_CONVERSION = YES;
				CLANG_WARN_OBJC_IMPLICIT_RETAIN_SELF = YES;
				CLANG_WARN_OBJC_LITERAL_CONVERSION = YES;
				CLANG_WARN_OBJC_ROOT_CLASS = YES_ERROR;
				CLANG_WARN_QUOTED_INCLUDE_IN_FRAMEWORK_HEADER = YES;
				CLANG_WARN_RANGE_LOOP_ANALYSIS = YES;
				CLANG_WARN_STRICT_PROTOTYPES = YES;
				CLANG_WARN_SUSPICIOUS_MOVE = YES;
				CLANG_WARN_UNGUARDED_AVAILABILITY = YES_AGGRESSIVE;
				CLANG_WARN_UNREACHABLE_CODE = YES;
				CLANG_WARN__DUPLICATE_METHOD_MATCH = YES;
				COPY_PHASE_STRIP = NO;
				DEBUG_INFORMATION_FORMAT = dwarf;
				ENABLE_STRICT_OBJC_MSGSEND = YES;
				ENABLE_TESTABILITY = YES;
				ENABLE_USER_SCRIPT_SANDBOXING = YES;
				GCC_C_LANGUAGE_STANDARD = gnu17;
				GCC_DYNAMIC_NO_PIC = NO;
				GCC_NO_COMMON_BLOCKS = YES;
				GCC_OPTIMIZATION_LEVEL = 0;
				GCC_PREPROCESSOR_DEFINITIONS = (
					"DEBUG=1",
					"$(inherited)",
				);
				GCC_WARN_64_TO_32_BIT_CONVERSION = YES;
				GCC_WARN_ABOUT_RETURN_TYPE = YES_ERROR;
				GCC_WARN_UNDECLARED_SELECTOR = YES;
				GCC_WARN_UNINITIALIZED_AUTOS = YES_AGGRESSIVE;
				GCC_WARN_UNUSED_FUNCTION = YES;
				GCC_WARN_UNUSED_VARIABLE = YES;
				IPHONEOS_DEPLOYMENT_TARGET = 18.2;
				LOCALIZATION_PREFERS_STRING_CATALOGS = YES;
				MTL_ENABLE_DEBUG_INFO = INCLUDE_SOURCE;
				MTL_FAST_MATH = YES;
				ONLY_ACTIVE_ARCH = YES;
				SDKROOT = iphoneos;
				SWIFT_ACTIVE_COMPILATION_CONDITIONS = "DEBUG $(inherited)";
				SWIFT_OPTIMIZATION_LEVEL = "-Onone";
			};
			name = Debug;
		};
		DA7952502D9EBE2E0076791F /* Release */ = {
			isa = XCBuildConfiguration;
			buildSettings = {
				ALWAYS_SEARCH_USER_PATHS = NO;
				ASSETCATALOG_COMPILER_GENERATE_SWIFT_ASSET_SYMBOL_EXTENSIONS = YES;
				CLANG_ANALYZER_NONNULL = YES;
				CLANG_ANALYZER_NUMBER_OBJECT_CONVERSION = YES_AGGRESSIVE;
				CLANG_CXX_LANGUAGE_STANDARD = "gnu++20";
				CLANG_ENABLE_MODULES = YES;
				CLANG_ENABLE_OBJC_ARC = YES;
				CLANG_ENABLE_OBJC_WEAK = YES;
				CLANG_WARN_BLOCK_CAPTURE_AUTORELEASING = YES;
				CLANG_WARN_BOOL_CONVERSION = YES;
				CLANG_WARN_COMMA = YES;
				CLANG_WARN_CONSTANT_CONVERSION = YES;
				CLANG_WARN_DEPRECATED_OBJC_IMPLEMENTATIONS = YES;
				CLANG_WARN_DIRECT_OBJC_ISA_USAGE = YES_ERROR;
				CLANG_WARN_DOCUMENTATION_COMMENTS = YES;
				CLANG_WARN_EMPTY_BODY = YES;
				CLANG_WARN_ENUM_CONVERSION = YES;
				CLANG_WARN_INFINITE_RECURSION = YES;
				CLANG_WARN_INT_CONVERSION = YES;
				CLANG_WARN_NON_LITERAL_NULL_CONVERSION = YES;
				CLANG_WARN_OBJC_IMPLICIT_RETAIN_SELF = YES;
				CLANG_WARN_OBJC_LITERAL_CONVERSION = YES;
				CLANG_WARN_OBJC_ROOT_CLASS = YES_ERROR;
				CLANG_WARN_QUOTED_INCLUDE_IN_FRAMEWORK_HEADER = YES;
				CLANG_WARN_RANGE_LOOP_ANALYSIS = YES;
				CLANG_WARN_STRICT_PROTOTYPES = YES;
				CLANG_WARN_SUSPICIOUS_MOVE = YES;
				CLANG_WARN_UNGUARDED_AVAILABILITY = YES_AGGRESSIVE;
				CLANG_WARN_UNREACHABLE_CODE = YES;
				CLANG_WARN__DUPLICATE_METHOD_MATCH = YES;
				COPY_PHASE_STRIP = NO;
				DEBUG_INFORMATION_FORMAT = "dwarf-with-dsym";
				ENABLE_NS_ASSERTIONS = NO;
				ENABLE_STRICT_OBJC_MSGSEND = YES;
				ENABLE_USER_SCRIPT_SANDBOXING = YES;
				GCC_C_LANGUAGE_STANDARD = gnu17;
				GCC_NO_COMMON_BLOCKS = YES;
				GCC_WARN_64_TO_32_BIT_CONVERSION = YES;
				GCC_WARN_ABOUT_RETURN_TYPE = YES_ERROR;
				GCC_WARN_UNDECLARED_SELECTOR = YES;
				GCC_WARN_UNINITIALIZED_AUTOS = YES_AGGRESSIVE;
				GCC_WARN_UNUSED_FUNCTION = YES;
				GCC_WARN_UNUSED_VARIABLE = YES;
				IPHONEOS_DEPLOYMENT_TARGET = 18.2;
				LOCALIZATION_PREFERS_STRING_CATALOGS = YES;
				MTL_ENABLE_DEBUG_INFO = NO;
				MTL_FAST_MATH = YES;
				SDKROOT = iphoneos;
				SWIFT_COMPILATION_MODE = wholemodule;
				VALIDATE_PRODUCT = YES;
			};
			name = Release;
		};
		DA7952522D9EBE2E0076791F /* Debug */ = {
			isa = XCBuildConfiguration;
			buildSettings = {
				ASSETCATALOG_COMPILER_APPICON_NAME = AppIcon;
				ASSETCATALOG_COMPILER_GLOBAL_ACCENT_COLOR_NAME = AccentColor;
				CODE_SIGN_STYLE = Automatic;
				CURRENT_PROJECT_VERSION = 1;
				DEVELOPMENT_ASSET_PATHS = "\"3rd_HW3_TaeJuJung(Ver.List)/Preview Content\"";
				DEVELOPMENT_TEAM = VV9N2QB3H4;
				ENABLE_PREVIEWS = YES;
				GENERATE_INFOPLIST_FILE = YES;
				INFOPLIST_KEY_UIApplicationSceneManifest_Generation = YES;
				INFOPLIST_KEY_UIApplicationSupportsIndirectInputEvents = YES;
				INFOPLIST_KEY_UILaunchScreen_Generation = YES;
				INFOPLIST_KEY_UISupportedInterfaceOrientations_iPad = "UIInterfaceOrientationPortrait UIInterfaceOrientationPortraitUpsideDown UIInterfaceOrientationLandscapeLeft UIInterfaceOrientationLandscapeRight";
				INFOPLIST_KEY_UISupportedInterfaceOrientations_iPhone = "UIInterfaceOrientationPortrait UIInterfaceOrientationLandscapeLeft UIInterfaceOrientationLandscapeRight";
				LD_RUNPATH_SEARCH_PATHS = (
					"$(inherited)",
					"@executable_path/Frameworks",
				);
				MARKETING_VERSION = 1.0;
				PRODUCT_BUNDLE_IDENTIFIER = "Pard.-rd-HW3-TaeJuJung-Ver-List-";
				PRODUCT_NAME = "$(TARGET_NAME)";
				SWIFT_EMIT_LOC_STRINGS = YES;
				SWIFT_VERSION = 5.0;
				TARGETED_DEVICE_FAMILY = "1,2";
			};
			name = Debug;
		};
		DA7952532D9EBE2E0076791F /* Release */ = {
			isa = XCBuildConfiguration;
			buildSettings = {
				ASSETCATALOG_COMPILER_APPICON_NAME = AppIcon;
				ASSETCATALOG_COMPILER_GLOBAL_ACCENT_COLOR_NAME = AccentColor;
				CODE_SIGN_STYLE = Automatic;
				CURRENT_PROJECT_VERSION = 1;
				DEVELOPMENT_ASSET_PATHS = "\"3rd_HW3_TaeJuJung(Ver.List)/Preview Content\"";
				DEVELOPMENT_TEAM = VV9N2QB3H4;
				ENABLE_PREVIEWS = YES;
				GENERATE_INFOPLIST_FILE = YES;
				INFOPLIST_KEY_UIApplicationSceneManifest_Generation = YES;
				INFOPLIST_KEY_UIApplicationSupportsIndirectInputEvents = YES;
				INFOPLIST_KEY_UILaunchScreen_Generation = YES;
				INFOPLIST_KEY_UISupportedInterfaceOrientations_iPad = "UIInterfaceOrientationPortrait UIInterfaceOrientationPortraitUpsideDown UIInterfaceOrientationLandscapeLeft UIInterfaceOrientationLandscapeRight";
				INFOPLIST_KEY_UISupportedInterfaceOrientations_iPhone = "UIInterfaceOrientationPortrait UIInterfaceOrientationLandscapeLeft UIInterfaceOrientationLandscapeRight";
				LD_RUNPATH_SEARCH_PATHS = (
					"$(inherited)",
					"@executable_path/Frameworks",
				);
				MARKETING_VERSION = 1.0;
				PRODUCT_BUNDLE_IDENTIFIER = "Pard.-rd-HW3-TaeJuJung-Ver-List-";
				PRODUCT_NAME = "$(TARGET_NAME)";
				SWIFT_EMIT_LOC_STRINGS = YES;
				SWIFT_VERSION = 5.0;
				TARGETED_DEVICE_FAMILY = "1,2";
			};
			name = Release;
		};
		DA7952552D9EBE2E0076791F /* Debug */ = {
			isa = XCBuildConfiguration;
			buildSettings = {
				BUNDLE_LOADER = "$(TEST_HOST)";
				CODE_SIGN_STYLE = Automatic;
				CURRENT_PROJECT_VERSION = 1;
				DEVELOPMENT_TEAM = VV9N2QB3H4;
				GENERATE_INFOPLIST_FILE = YES;
				IPHONEOS_DEPLOYMENT_TARGET = 18.2;
				MARKETING_VERSION = 1.0;
				PRODUCT_BUNDLE_IDENTIFIER = "Pard.-rd-HW3-TaeJuJung-Ver-List-Tests";
				PRODUCT_NAME = "$(TARGET_NAME)";
				SWIFT_EMIT_LOC_STRINGS = NO;
				SWIFT_VERSION = 5.0;
				TARGETED_DEVICE_FAMILY = "1,2";
				TEST_HOST = "$(BUILT_PRODUCTS_DIR)/3rd_HW3_TaeJuJung(Ver.List).app/$(BUNDLE_EXECUTABLE_FOLDER_PATH)/3rd_HW3_TaeJuJung(Ver.List)";
			};
			name = Debug;
		};
		DA7952562D9EBE2E0076791F /* Release */ = {
			isa = XCBuildConfiguration;
			buildSettings = {
				BUNDLE_LOADER = "$(TEST_HOST)";
				CODE_SIGN_STYLE = Automatic;
				CURRENT_PROJECT_VERSION = 1;
				DEVELOPMENT_TEAM = VV9N2QB3H4;
				GENERATE_INFOPLIST_FILE = YES;
				IPHONEOS_DEPLOYMENT_TARGET = 18.2;
				MARKETING_VERSION = 1.0;
				PRODUCT_BUNDLE_IDENTIFIER = "Pard.-rd-HW3-TaeJuJung-Ver-List-Tests";
				PRODUCT_NAME = "$(TARGET_NAME)";
				SWIFT_EMIT_LOC_STRINGS = NO;
				SWIFT_VERSION = 5.0;
				TARGETED_DEVICE_FAMILY = "1,2";
				TEST_HOST = "$(BUILT_PRODUCTS_DIR)/3rd_HW3_TaeJuJung(Ver.List).app/$(BUNDLE_EXECUTABLE_FOLDER_PATH)/3rd_HW3_TaeJuJung(Ver.List)";
			};
			name = Release;
		};
		DA7952582D9EBE2E0076791F /* Debug */ = {
			isa = XCBuildConfiguration;
			buildSettings = {
				CODE_SIGN_STYLE = Automatic;
				CURRENT_PROJECT_VERSION = 1;
				DEVELOPMENT_TEAM = VV9N2QB3H4;
				GENERATE_INFOPLIST_FILE = YES;
				MARKETING_VERSION = 1.0;
				PRODUCT_BUNDLE_IDENTIFIER = "Pard.-rd-HW3-TaeJuJung-Ver-List-UITests";
				PRODUCT_NAME = "$(TARGET_NAME)";
				SWIFT_EMIT_LOC_STRINGS = NO;
				SWIFT_VERSION = 5.0;
				TARGETED_DEVICE_FAMILY = "1,2";
				TEST_TARGET_NAME = "3rd_HW3_TaeJuJung(Ver.List)";
			};
			name = Debug;
		};
		DA7952592D9EBE2E0076791F /* Release */ = {
			isa = XCBuildConfiguration;
			buildSettings = {
				CODE_SIGN_STYLE = Automatic;
				CURRENT_PROJECT_VERSION = 1;
				DEVELOPMENT_TEAM = VV9N2QB3H4;
				GENERATE_INFOPLIST_FILE = YES;
				MARKETING_VERSION = 1.0;
				PRODUCT_BUNDLE_IDENTIFIER = "Pard.-rd-HW3-TaeJuJung-Ver-List-UITests";
				PRODUCT_NAME = "$(TARGET_NAME)";
				SWIFT_EMIT_LOC_STRINGS = NO;
				SWIFT_VERSION = 5.0;
				TARGETED_DEVICE_FAMILY = "1,2";
				TEST_TARGET_NAME = "3rd_HW3_TaeJuJung(Ver.List)";
			};
			name = Release;
		};
/* End XCBuildConfiguration section */

/* Begin XCConfigurationList section */
		DA7952282D9EBE2D0076791F /* Build configuration list for PBXProject "3rd_HW3_TaeJuJung(Ver.List)" */ = {
			isa = XCConfigurationList;
			buildConfigurations = (
				DA79524F2D9EBE2E0076791F /* Debug */,
				DA7952502D9EBE2E0076791F /* Release */,
			);
			defaultConfigurationIsVisible = 0;
			defaultConfigurationName = Release;
		};
		DA7952512D9EBE2E0076791F /* Build configuration list for PBXNativeTarget "3rd_HW3_TaeJuJung(Ver.List)" */ = {
			isa = XCConfigurationList;
			buildConfigurations = (
				DA7952522D9EBE2E0076791F /* Debug */,
				DA7952532D9EBE2E0076791F /* Release */,
			);
			defaultConfigurationIsVisible = 0;
			defaultConfigurationName = Release;
		};
		DA7952542D9EBE2E0076791F /* Build configuration list for PBXNativeTarget "3rd_HW3_TaeJuJung(Ver.List)Tests" */ = {
			isa = XCConfigurationList;
			buildConfigurations = (
				DA7952552D9EBE2E0076791F /* Debug */,
				DA7952562D9EBE2E0076791F /* Release */,
			);
			defaultConfigurationIsVisible = 0;
			defaultConfigurationName = Release;
		};
		DA7952572D9EBE2E0076791F /* Build configuration list for PBXNativeTarget "3rd_HW3_TaeJuJung(Ver.List)UITests" */ = {
			isa = XCConfigurationList;
			buildConfigurations = (
				DA7952582D9EBE2E0076791F /* Debug */,
				DA7952592D9EBE2E0076791F /* Release */,
			);
			defaultConfigurationIsVisible = 0;
			defaultConfigurationName = Release;
		};
/* End XCConfigurationList section */
	};
	rootObject = DA7952252D9EBE2D0076791F /* Project object */;
}
