// !$*UTF8*$!
{
	archiveVersion = 1;
	classes = {
	};
	objectVersion = 77;
	objects = {

/* Begin PBXContainerItemProxy section */
		DAF263AF2DA5565400D09FEA /* PBXContainerItemProxy */ = {
			isa = PBXContainerItemProxy;
			containerPortal = DAF263962DA5565400D09FEA /* Project object */;
			proxyType = 1;
			remoteGlobalIDString = DAF2639D2DA5565400D09FEA;
			remoteInfo = 4th_HW4_TaejuJung;
		};
		DAF263B92DA5565400D09FEA /* PBXContainerItemProxy */ = {
			isa = PBXContainerItemProxy;
			containerPortal = DAF263962DA5565400D09FEA /* Project object */;
			proxyType = 1;
			remoteGlobalIDString = DAF2639D2DA5565400D09FEA;
			remoteInfo = 4th_HW4_TaejuJung;
		};
/* End PBXContainerItemProxy section */

/* Begin PBXFileReference section */
		DAF2639E2DA5565400D09FEA /* 4th_HW4_TaejuJung.app */ = {isa = PBXFileReference; explicitFileType = wrapper.application; includeInIndex = 0; path = 4th_HW4_TaejuJung.app; sourceTree = BUILT_PRODUCTS_DIR; };
		DAF263AE2DA5565400D09FEA /* 4th_HW4_TaejuJungTests.xctest */ = {isa = PBXFileReference; explicitFileType = wrapper.cfbundle; includeInIndex = 0; path = 4th_HW4_TaejuJungTests.xctest; sourceTree = BUILT_PRODUCTS_DIR; };
		DAF263B82DA5565400D09FEA /* 4th_HW4_TaejuJungUITests.xctest */ = {isa = PBXFileReference; explicitFileType = wrapper.cfbundle; includeInIndex = 0; path = 4th_HW4_TaejuJungUITests.xctest; sourceTree = BUILT_PRODUCTS_DIR; };
/* End PBXFileReference section */

/* Begin PBXFileSystemSynchronizedRootGroup section */
		DAF263A02DA5565400D09FEA /* 4th_HW4_TaejuJung */ = {
			isa = PBXFileSystemSynchronizedRootGroup;
			path = 4th_HW4_TaejuJung;
			sourceTree = "<group>";
		};
		DAF263B12DA5565400D09FEA /* 4th_HW4_TaejuJungTests */ = {
			isa = PBXFileSystemSynchronizedRootGroup;
			path = 4th_HW4_TaejuJungTests;
			sourceTree = "<group>";
		};
		DAF263BB2DA5565400D09FEA /* 4th_HW4_TaejuJungUITests */ = {
			isa = PBXFileSystemSynchronizedRootGroup;
			path = 4th_HW4_TaejuJungUITests;
			sourceTree = "<group>";
		};
/* End PBXFileSystemSynchronizedRootGroup section */

/* Begin PBXFrameworksBuildPhase section */
		DAF2639B2DA5565400D09FEA /* Frameworks */ = {
			isa = PBXFrameworksBuildPhase;
			buildActionMask = 2147483647;
			files = (
			);
			runOnlyForDeploymentPostprocessing = 0;
		};
		DAF263AB2DA5565400D09FEA /* Frameworks */ = {
			isa = PBXFrameworksBuildPhase;
			buildActionMask = 2147483647;
			files = (
			);
			runOnlyForDeploymentPostprocessing = 0;
		};
		DAF263B52DA5565400D09FEA /* Frameworks */ = {
			isa = PBXFrameworksBuildPhase;
			buildActionMask = 2147483647;
			files = (
			);
			runOnlyForDeploymentPostprocessing = 0;
		};
/* End PBXFrameworksBuildPhase section */

/* Begin PBXGroup section */
		DAF263952DA5565400D09FEA = {
			isa = PBXGroup;
			children = (
				DAF263A02DA5565400D09FEA /* 4th_HW4_TaejuJung */,
				DAF263B12DA5565400D09FEA /* 4th_HW4_TaejuJungTests */,
				DAF263BB2DA5565400D09FEA /* 4th_HW4_TaejuJungUITests */,
				DAF2639F2DA5565400D09FEA /* Products */,
			);
			sourceTree = "<group>";
		};
		DAF2639F2DA5565400D09FEA /* Products */ = {
			isa = PBXGroup;
			children = (
				DAF2639E2DA5565400D09FEA /* 4th_HW4_TaejuJung.app */,
				DAF263AE2DA5565400D09FEA /* 4th_HW4_TaejuJungTests.xctest */,
				DAF263B82DA5565400D09FEA /* 4th_HW4_TaejuJungUITests.xctest */,
			);
			name = Products;
			sourceTree = "<group>";
		};
/* End PBXGroup section */

/* Begin PBXNativeTarget section */
		DAF2639D2DA5565400D09FEA /* 4th_HW4_TaejuJung */ = {
			isa = PBXNativeTarget;
			buildConfigurationList = DAF263C22DA5565400D09FEA /* Build configuration list for PBXNativeTarget "4th_HW4_TaejuJung" */;
			buildPhases = (
				DAF2639A2DA5565400D09FEA /* Sources */,
				DAF2639B2DA5565400D09FEA /* Frameworks */,
				DAF2639C2DA5565400D09FEA /* Resources */,
			);
			buildRules = (
			);
			dependencies = (
			);
			fileSystemSynchronizedGroups = (
				DAF263A02DA5565400D09FEA /* 4th_HW4_TaejuJung */,
			);
			name = 4th_HW4_TaejuJung;
			packageProductDependencies = (
			);
			productName = 4th_HW4_TaejuJung;
			productReference = DAF2639E2DA5565400D09FEA /* 4th_HW4_TaejuJung.app */;
			productType = "com.apple.product-type.application";
		};
		DAF263AD2DA5565400D09FEA /* 4th_HW4_TaejuJungTests */ = {
			isa = PBXNativeTarget;
			buildConfigurationList = DAF263C52DA5565400D09FEA /* Build configuration list for PBXNativeTarget "4th_HW4_TaejuJungTests" */;
			buildPhases = (
				DAF263AA2DA5565400D09FEA /* Sources */,
				DAF263AB2DA5565400D09FEA /* Frameworks */,
				DAF263AC2DA5565400D09FEA /* Resources */,
			);
			buildRules = (
			);
			dependencies = (
				DAF263B02DA5565400D09FEA /* PBXTargetDependency */,
			);
			fileSystemSynchronizedGroups = (
				DAF263B12DA5565400D09FEA /* 4th_HW4_TaejuJungTests */,
			);
			name = 4th_HW4_TaejuJungTests;
			packageProductDependencies = (
			);
			productName = 4th_HW4_TaejuJungTests;
			productReference = DAF263AE2DA5565400D09FEA /* 4th_HW4_TaejuJungTests.xctest */;
			productType = "com.apple.product-type.bundle.unit-test";
		};
		DAF263B72DA5565400D09FEA /* 4th_HW4_TaejuJungUITests */ = {
			isa = PBXNativeTarget;
			buildConfigurationList = DAF263C82DA5565400D09FEA /* Build configuration list for PBXNativeTarget "4th_HW4_TaejuJungUITests" */;
			buildPhases = (
				DAF263B42DA5565400D09FEA /* Sources */,
				DAF263B52DA5565400D09FEA /* Frameworks */,
				DAF263B62DA5565400D09FEA /* Resources */,
			);
			buildRules = (
			);
			dependencies = (
				DAF263BA2DA5565400D09FEA /* PBXTargetDependency */,
			);
			fileSystemSynchronizedGroups = (
				DAF263BB2DA5565400D09FEA /* 4th_HW4_TaejuJungUITests */,
			);
			name = 4th_HW4_TaejuJungUITests;
			packageProductDependencies = (
			);
			productName = 4th_HW4_TaejuJungUITests;
			productReference = DAF263B82DA5565400D09FEA /* 4th_HW4_TaejuJungUITests.xctest */;
			productType = "com.apple.product-type.bundle.ui-testing";
		};
/* End PBXNativeTarget section */

/* Begin PBXProject section */
		DAF263962DA5565400D09FEA /* Project object */ = {
			isa = PBXProject;
			attributes = {
				BuildIndependentTargetsInParallel = 1;
				LastSwiftUpdateCheck = 1620;
				LastUpgradeCheck = 1620;
				TargetAttributes = {
					DAF2639D2DA5565400D09FEA = {
						CreatedOnToolsVersion = 16.2;
					};
					DAF263AD2DA5565400D09FEA = {
						CreatedOnToolsVersion = 16.2;
						TestTargetID = DAF2639D2DA5565400D09FEA;
					};
					DAF263B72DA5565400D09FEA = {
						CreatedOnToolsVersion = 16.2;
						TestTargetID = DAF2639D2DA5565400D09FEA;
					};
				};
			};
			buildConfigurationList = DAF263992DA5565400D09FEA /* Build configuration list for PBXProject "4th_HW4_TaejuJung" */;
			developmentRegion = en;
			hasScannedForEncodings = 0;
			knownRegions = (
				en,
				Base,
			);
			mainGroup = DAF263952DA5565400D09FEA;
			minimizedProjectReferenceProxies = 1;
			preferredProjectObjectVersion = 77;
			productRefGroup = DAF2639F2DA5565400D09FEA /* Products */;
			projectDirPath = "";
			projectRoot = "";
			targets = (
				DAF2639D2DA5565400D09FEA /* 4th_HW4_TaejuJung */,
				DAF263AD2DA5565400D09FEA /* 4th_HW4_TaejuJungTests */,
				DAF263B72DA5565400D09FEA /* 4th_HW4_TaejuJungUITests */,
			);
		};
/* End PBXProject section */

/* Begin PBXResourcesBuildPhase section */
		DAF2639C2DA5565400D09FEA /* Resources */ = {
			isa = PBXResourcesBuildPhase;
			buildActionMask = 2147483647;
			files = (
			);
			runOnlyForDeploymentPostprocessing = 0;
		};
		DAF263AC2DA5565400D09FEA /* Resources */ = {
			isa = PBXResourcesBuildPhase;
			buildActionMask = 2147483647;
			files = (
			);
			runOnlyForDeploymentPostprocessing = 0;
		};
		DAF263B62DA5565400D09FEA /* Resources */ = {
			isa = PBXResourcesBuildPhase;
			buildActionMask = 2147483647;
			files = (
			);
			runOnlyForDeploymentPostprocessing = 0;
		};
/* End PBXResourcesBuildPhase section */

/* Begin PBXSourcesBuildPhase section */
		DAF2639A2DA5565400D09FEA /* Sources */ = {
			isa = PBXSourcesBuildPhase;
			buildActionMask = 2147483647;
			files = (
			);
			runOnlyForDeploymentPostprocessing = 0;
		};
		DAF263AA2DA5565400D09FEA /* Sources */ = {
			isa = PBXSourcesBuildPhase;
			buildActionMask = 2147483647;
			files = (
			);
			runOnlyForDeploymentPostprocessing = 0;
		};
		DAF263B42DA5565400D09FEA /* Sources */ = {
			isa = PBXSourcesBuildPhase;
			buildActionMask = 2147483647;
			files = (
			);
			runOnlyForDeploymentPostprocessing = 0;
		};
/* End PBXSourcesBuildPhase section */

/* Begin PBXTargetDependency section */
		DAF263B02DA5565400D09FEA /* PBXTargetDependency */ = {
			isa = PBXTargetDependency;
			target = DAF2639D2DA5565400D09FEA /* 4th_HW4_TaejuJung */;
			targetProxy = DAF263AF2DA5565400D09FEA /* PBXContainerItemProxy */;
		};
		DAF263BA2DA5565400D09FEA /* PBXTargetDependency */ = {
			isa = PBXTargetDependency;
			target = DAF2639D2DA5565400D09FEA /* 4th_HW4_TaejuJung */;
			targetProxy = DAF263B92DA5565400D09FEA /* PBXContainerItemProxy */;
		};
/* End PBXTargetDependency section */

/* Begin XCBuildConfiguration section */
		DAF263C02DA5565400D09FEA /* Debug */ = {
			isa = XCBuildConfiguration;
			buildSettings = {
				ALWAYS_SEARCH_USER_PATHS = NO;
				ASSETCATALOG_COMPILER_GENERATE_SWIFT_ASSET_SYMBOL_EXTENSIONS = YES;
				CLANG_ANALYZER_NONNULL = YES;
				CLANG_ANALYZER_NUMBER_OBJECT_CONVERSION = YES_AGGRESSIVE;
				CLANG_CXX_LANGUAGE_STANDARD = "gnu++20";
				CLANG_ENABLE_MODULES = YES;
				CLANG_ENABLE_OBJC_ARC = YES;
				CLANG_ENABLE_OBJC_WEAK = YES;
				CLANG_WARN_BLOCK_CAPTURE_AUTORELEASING = YES;
				CLANG_WARN_BOOL_CONVERSION = YES;
				CLANG_WARN_COMMA = YES;
				CLANG_WARN_CONSTANT_CONVERSION = YES;
				CLANG_WARN_DEPRECATED_OBJC_IMPLEMENTATIONS = YES;
				CLANG_WARN_DIRECT_OBJC_ISA_USAGE = YES_ERROR;
				CLANG_WARN_DOCUMENTATION_COMMENTS = YES;
				CLANG_WARN_EMPTY_BODY = YES;
				CLANG_WARN_ENUM_CONVERSION = YES;
				CLANG_WARN_INFINITE_RECURSION = YES;
				CLANG_WARN_INT_CONVERSION = YES;
				CLANG_WARN_NON_LITERAL_NULL_CONVERSION = YES;
				CLANG_WARN_OBJC_IMPLICIT_RETAIN_SELF = YES;
				CLANG_WARN_OBJC_LITERAL_CONVERSION = YES;
				CLANG_WARN_OBJC_ROOT_CLASS = YES_ERROR;
				CLANG_WARN_QUOTED_INCLUDE_IN_FRAMEWORK_HEADER = YES;
				CLANG_WARN_RANGE_LOOP_ANALYSIS = YES;
				CLANG_WARN_STRICT_PROTOTYPES = YES;
				CLANG_WARN_SUSPICIOUS_MOVE = YES;
				CLANG_WARN_UNGUARDED_AVAILABILITY = YES_AGGRESSIVE;
				CLANG_WARN_UNREACHABLE_CODE = YES;
				CLANG_WARN__DUPLICATE_METHOD_MATCH = YES;
				COPY_PHASE_STRIP = NO;
				DEBUG_INFORMATION_FORMAT = dwarf;
				ENABLE_STRICT_OBJC_MSGSEND = YES;
				ENABLE_TESTABILITY = YES;
				ENABLE_USER_SCRIPT_SANDBOXING = YES;
				GCC_C_LANGUAGE_STANDARD = gnu17;
				GCC_DYNAMIC_NO_PIC = NO;
				GCC_NO_COMMON_BLOCKS = YES;
				GCC_OPTIMIZATION_LEVEL = 0;
				GCC_PREPROCESSOR_DEFINITIONS = (
					"DEBUG=1",
					"$(inherited)",
				);
				GCC_WARN_64_TO_32_BIT_CONVERSION = YES;
				GCC_WARN_ABOUT_RETURN_TYPE = YES_ERROR;
				GCC_WARN_UNDECLARED_SELECTOR = YES;
				GCC_WARN_UNINITIALIZED_AUTOS = YES_AGGRESSIVE;
				GCC_WARN_UNUSED_FUNCTION = YES;
				GCC_WARN_UNUSED_VARIABLE = YES;
				IPHONEOS_DEPLOYMENT_TARGET = 18.2;
				LOCALIZATION_PREFERS_STRING_CATALOGS = YES;
				MTL_ENABLE_DEBUG_INFO = INCLUDE_SOURCE;
				MTL_FAST_MATH = YES;
				ONLY_ACTIVE_ARCH = YES;
				SDKROOT = iphoneos;
				SWIFT_ACTIVE_COMPILATION_CONDITIONS = "DEBUG $(inherited)";
				SWIFT_OPTIMIZATION_LEVEL = "-Onone";
			};
			name = Debug;
		};
		DAF263C12DA5565400D09FEA /* Release */ = {
			isa = XCBuildConfiguration;
			buildSettings = {
				ALWAYS_SEARCH_USER_PATHS = NO;
				ASSETCATALOG_COMPILER_GENERATE_SWIFT_ASSET_SYMBOL_EXTENSIONS = YES;
				CLANG_ANALYZER_NONNULL = YES;
				CLANG_ANALYZER_NUMBER_OBJECT_CONVERSION = YES_AGGRESSIVE;
				CLANG_CXX_LANGUAGE_STANDARD = "gnu++20";
				CLANG_ENABLE_MODULES = YES;
				CLANG_ENABLE_OBJC_ARC = YES;
				CLANG_ENABLE_OBJC_WEAK = YES;
				CLANG_WARN_BLOCK_CAPTURE_AUTORELEASING = YES;
				CLANG_WARN_BOOL_CONVERSION = YES;
				CLANG_WARN_COMMA = YES;
				CLANG_WARN_CONSTANT_CONVERSION = YES;
				CLANG_WARN_DEPRECATED_OBJC_IMPLEMENTATIONS = YES;
				CLANG_WARN_DIRECT_OBJC_ISA_USAGE = YES_ERROR;
				CLANG_WARN_DOCUMENTATION_COMMENTS = YES;
				CLANG_WARN_EMPTY_BODY = YES;
				CLANG_WARN_ENUM_CONVERSION = YES;
				CLANG_WARN_INFINITE_RECURSION = YES;
				CLANG_WARN_INT_CONVERSION = YES;
				CLANG_WARN_NON_LITERAL_NULL_CONVERSION = YES;
				CLANG_WARN_OBJC_IMPLICIT_RETAIN_SELF = YES;
				CLANG_WARN_OBJC_LITERAL_CONVERSION = YES;
				CLANG_WARN_OBJC_ROOT_CLASS = YES_ERROR;
				CLANG_WARN_QUOTED_INCLUDE_IN_FRAMEWORK_HEADER = YES;
				CLANG_WARN_RANGE_LOOP_ANALYSIS = YES;
				CLANG_WARN_STRICT_PROTOTYPES = YES;
				CLANG_WARN_SUSPICIOUS_MOVE = YES;
				CLANG_WARN_UNGUARDED_AVAILABILITY = YES_AGGRESSIVE;
				CLANG_WARN_UNREACHABLE_CODE = YES;
				CLANG_WARN__DUPLICATE_METHOD_MATCH = YES;
				COPY_PHASE_STRIP = NO;
				DEBUG_INFORMATION_FORMAT = "dwarf-with-dsym";
				ENABLE_NS_ASSERTIONS = NO;
				ENABLE_STRICT_OBJC_MSGSEND = YES;
				ENABLE_USER_SCRIPT_SANDBOXING = YES;
				GCC_C_LANGUAGE_STANDARD = gnu17;
				GCC_NO_COMMON_BLOCKS = YES;
				GCC_WARN_64_TO_32_BIT_CONVERSION = YES;
				GCC_WARN_ABOUT_RETURN_TYPE = YES_ERROR;
				GCC_WARN_UNDECLARED_SELECTOR = YES;
				GCC_WARN_UNINITIALIZED_AUTOS = YES_AGGRESSIVE;
				GCC_WARN_UNUSED_FUNCTION = YES;
				GCC_WARN_UNUSED_VARIABLE = YES;
				IPHONEOS_DEPLOYMENT_TARGET = 18.2;
				LOCALIZATION_PREFERS_STRING_CATALOGS = YES;
				MTL_ENABLE_DEBUG_INFO = NO;
				MTL_FAST_MATH = YES;
				SDKROOT = iphoneos;
				SWIFT_COMPILATION_MODE = wholemodule;
				VALIDATE_PRODUCT = YES;
			};
			name = Release;
		};
		DAF263C32DA5565400D09FEA /* Debug */ = {
			isa = XCBuildConfiguration;
			buildSettings = {
				ASSETCATALOG_COMPILER_APPICON_NAME = AppIcon;
				ASSETCATALOG_COMPILER_GLOBAL_ACCENT_COLOR_NAME = AccentColor;
				CODE_SIGN_STYLE = Automatic;
				CURRENT_PROJECT_VERSION = 1;
				DEVELOPMENT_ASSET_PATHS = "\"4th_HW4_TaejuJung/Preview Content\"";
				DEVELOPMENT_TEAM = VV9N2QB3H4;
				ENABLE_PREVIEWS = YES;
				GENERATE_INFOPLIST_FILE = YES;
				INFOPLIST_KEY_UIApplicationSceneManifest_Generation = YES;
				INFOPLIST_KEY_UIApplicationSupportsIndirectInputEvents = YES;
				INFOPLIST_KEY_UILaunchScreen_Generation = YES;
				INFOPLIST_KEY_UISupportedInterfaceOrientations_iPad = "UIInterfaceOrientationPortrait UIInterfaceOrientationPortraitUpsideDown UIInterfaceOrientationLandscapeLeft UIInterfaceOrientationLandscapeRight";
				INFOPLIST_KEY_UISupportedInterfaceOrientations_iPhone = "UIInterfaceOrientationPortrait UIInterfaceOrientationLandscapeLeft UIInterfaceOrientationLandscapeRight";
				LD_RUNPATH_SEARCH_PATHS = (
					"$(inherited)",
					"@executable_path/Frameworks",
				);
				MARKETING_VERSION = 1.0;
				PRODUCT_BUNDLE_IDENTIFIER = "Pard.-th-HW4-TaejuJung";
				PRODUCT_NAME = "$(TARGET_NAME)";
				SWIFT_EMIT_LOC_STRINGS = YES;
				SWIFT_VERSION = 5.0;
				TARGETED_DEVICE_FAMILY = "1,2";
			};
			name = Debug;
		};
		DAF263C42DA5565400D09FEA /* Release */ = {
			isa = XCBuildConfiguration;
			buildSettings = {
				ASSETCATALOG_COMPILER_APPICON_NAME = AppIcon;
				ASSETCATALOG_COMPILER_GLOBAL_ACCENT_COLOR_NAME = AccentColor;
				CODE_SIGN_STYLE = Automatic;
				CURRENT_PROJECT_VERSION = 1;
				DEVELOPMENT_ASSET_PATHS = "\"4th_HW4_TaejuJung/Preview Content\"";
				DEVELOPMENT_TEAM = VV9N2QB3H4;
				ENABLE_PREVIEWS = YES;
				GENERATE_INFOPLIST_FILE = YES;
				INFOPLIST_KEY_UIApplicationSceneManifest_Generation = YES;
				INFOPLIST_KEY_UIApplicationSupportsIndirectInputEvents = YES;
				INFOPLIST_KEY_UILaunchScreen_Generation = YES;
				INFOPLIST_KEY_UISupportedInterfaceOrientations_iPad = "UIInterfaceOrientationPortrait UIInterfaceOrientationPortraitUpsideDown UIInterfaceOrientationLandscapeLeft UIInterfaceOrientationLandscapeRight";
				INFOPLIST_KEY_UISupportedInterfaceOrientations_iPhone = "UIInterfaceOrientationPortrait UIInterfaceOrientationLandscapeLeft UIInterfaceOrientationLandscapeRight";
				LD_RUNPATH_SEARCH_PATHS = (
					"$(inherited)",
					"@executable_path/Frameworks",
				);
				MARKETING_VERSION = 1.0;
				PRODUCT_BUNDLE_IDENTIFIER = "Pard.-th-HW4-TaejuJung";
				PRODUCT_NAME = "$(TARGET_NAME)";
				SWIFT_EMIT_LOC_STRINGS = YES;
				SWIFT_VERSION = 5.0;
				TARGETED_DEVICE_FAMILY = "1,2";
			};
			name = Release;
		};
		DAF263C62DA5565400D09FEA /* Debug */ = {
			isa = XCBuildConfiguration;
			buildSettings = {
				BUNDLE_LOADER = "$(TEST_HOST)";
				CODE_SIGN_STYLE = Automatic;
				CURRENT_PROJECT_VERSION = 1;
				DEVELOPMENT_TEAM = VV9N2QB3H4;
				GENERATE_INFOPLIST_FILE = YES;
				IPHONEOS_DEPLOYMENT_TARGET = 18.2;
				MARKETING_VERSION = 1.0;
				PRODUCT_BUNDLE_IDENTIFIER = "Pard.-th-HW4-TaejuJungTests";
				PRODUCT_NAME = "$(TARGET_NAME)";
				SWIFT_EMIT_LOC_STRINGS = NO;
				SWIFT_VERSION = 5.0;
				TARGETED_DEVICE_FAMILY = "1,2";
				TEST_HOST = "$(BUILT_PRODUCTS_DIR)/4th_HW4_TaejuJung.app/$(BUNDLE_EXECUTABLE_FOLDER_PATH)/4th_HW4_TaejuJung";
			};
			name = Debug;
		};
		DAF263C72DA5565400D09FEA /* Release */ = {
			isa = XCBuildConfiguration;
			buildSettings = {
				BUNDLE_LOADER = "$(TEST_HOST)";
				CODE_SIGN_STYLE = Automatic;
				CURRENT_PROJECT_VERSION = 1;
				DEVELOPMENT_TEAM = VV9N2QB3H4;
				GENERATE_INFOPLIST_FILE = YES;
				IPHONEOS_DEPLOYMENT_TARGET = 18.2;
				MARKETING_VERSION = 1.0;
				PRODUCT_BUNDLE_IDENTIFIER = "Pard.-th-HW4-TaejuJungTests";
				PRODUCT_NAME = "$(TARGET_NAME)";
				SWIFT_EMIT_LOC_STRINGS = NO;
				SWIFT_VERSION = 5.0;
				TARGETED_DEVICE_FAMILY = "1,2";
				TEST_HOST = "$(BUILT_PRODUCTS_DIR)/4th_HW4_TaejuJung.app/$(BUNDLE_EXECUTABLE_FOLDER_PATH)/4th_HW4_TaejuJung";
			};
			name = Release;
		};
		DAF263C92DA5565400D09FEA /* Debug */ = {
			isa = XCBuildConfiguration;
			buildSettings = {
				CODE_SIGN_STYLE = Automatic;
				CURRENT_PROJECT_VERSION = 1;
				DEVELOPMENT_TEAM = VV9N2QB3H4;
				GENERATE_INFOPLIST_FILE = YES;
				MARKETING_VERSION = 1.0;
				PRODUCT_BUNDLE_IDENTIFIER = "Pard.-th-HW4-TaejuJungUITests";
				PRODUCT_NAME = "$(TARGET_NAME)";
				SWIFT_EMIT_LOC_STRINGS = NO;
				SWIFT_VERSION = 5.0;
				TARGETED_DEVICE_FAMILY = "1,2";
				TEST_TARGET_NAME = 4th_HW4_TaejuJung;
			};
			name = Debug;
		};
		DAF263CA2DA5565400D09FEA /* Release */ = {
			isa = XCBuildConfiguration;
			buildSettings = {
				CODE_SIGN_STYLE = Automatic;
				CURRENT_PROJECT_VERSION = 1;
				DEVELOPMENT_TEAM = VV9N2QB3H4;
				GENERATE_INFOPLIST_FILE = YES;
				MARKETING_VERSION = 1.0;
				PRODUCT_BUNDLE_IDENTIFIER = "Pard.-th-HW4-TaejuJungUITests";
				PRODUCT_NAME = "$(TARGET_NAME)";
				SWIFT_EMIT_LOC_STRINGS = NO;
				SWIFT_VERSION = 5.0;
				TARGETED_DEVICE_FAMILY = "1,2";
				TEST_TARGET_NAME = 4th_HW4_TaejuJung;
			};
			name = Release;
		};
/* End XCBuildConfiguration section */

/* Begin XCConfigurationList section */
		DAF263992DA5565400D09FEA /* Build configuration list for PBXProject "4th_HW4_TaejuJung" */ = {
			isa = XCConfigurationList;
			buildConfigurations = (
				DAF263C02DA5565400D09FEA /* Debug */,
				DAF263C12DA5565400D09FEA /* Release */,
			);
			defaultConfigurationIsVisible = 0;
			defaultConfigurationName = Release;
		};
		DAF263C22DA5565400D09FEA /* Build configuration list for PBXNativeTarget "4th_HW4_TaejuJung" */ = {
			isa = XCConfigurationList;
			buildConfigurations = (
				DAF263C32DA5565400D09FEA /* Debug */,
				DAF263C42DA5565400D09FEA /* Release */,
			);
			defaultConfigurationIsVisible = 0;
			defaultConfigurationName = Release;
		};
		DAF263C52DA5565400D09FEA /* Build configuration list for PBXNativeTarget "4th_HW4_TaejuJungTests" */ = {
			isa = XCConfigurationList;
			buildConfigurations = (
				DAF263C62DA5565400D09FEA /* Debug */,
				DAF263C72DA5565400D09FEA /* Release */,
			);
			defaultConfigurationIsVisible = 0;
			defaultConfigurationName = Release;
		};
		DAF263C82DA5565400D09FEA /* Build configuration list for PBXNativeTarget "4th_HW4_TaejuJungUITests" */ = {
			isa = XCConfigurationList;
			buildConfigurations = (
				DAF263C92DA5565400D09FEA /* Debug */,
				DAF263CA2DA5565400D09FEA /* Release */,
			);
			defaultConfigurationIsVisible = 0;
			defaultConfigurationName = Release;
		};
/* End XCConfigurationList section */
	};
	rootObject = DAF263962DA5565400D09FEA /* Project object */;
}
